
Microsoft Visual Studio Solution File, Format Version 12.00
# Visual Studio 2017
Project("{FAE04EC0-301F-11D3-BF4B-00C04F79EFBC}") = "AutoBuildTest.Editor", "AutoBuildTest.Editor.csproj", "{E11B9410-28A1-1233-BE49-36C0C8BE1A75}"
EndProject
Global
	GlobalSection(SolutionConfigurationPlatforms) = preSolution
		Debug|Any CPU = Debug|Any CPU
		Release|Any CPU = Release|Any CPU
	EndGlobalSection
	GlobalSection(ProjectConfigurationPlatforms) = postSolution
		{E11B9410-28A1-1233-BE49-36C0C8BE1A75}.Debug|Any CPU.ActiveCfg = Debug|Any CPU
		{E11B9410-28A1-1233-BE49-36C0C8BE1A75}.Debug|Any CPU.Build.0 = Debug|Any CPU
		{E11B9410-28A1-1233-BE49-36C0C8BE1A75}.Release|Any CPU.ActiveCfg = Release|Any CPU
		{E11B9410-28A1-1233-BE49-36C0C8BE1A75}.Release|Any CPU.Build.0 = Release|Any CPU
	EndGlobalSection
	GlobalSection(SolutionProperties) = preSolution
		HideSolutionNode = FALSE
	EndGlobalSection
EndGlobal
